
Microsoft Visual Studio Solution File, Format Version 12.00
# Visual Studio 15
VisualStudioVersion = 15.0.27703.2042
MinimumVisualStudioVersion = 10.0.40219.1
Project("{FAE04EC0-301F-11D3-BF4B-00C04F79EFBC}") = "Facturacion", "Facturacion\Facturacion.csproj", "{402E2E28-439D-4512-9A3A-4AA7C8337337}"
EndProject
Project("{54435603-DBB4-11D2-8724-00A0C9A8B90C}") = "Instalador_Facturacion", "Instalador_Facturacion\Instalador_Facturacion.vdproj", "{6589EB80-DC8B-43DA-B7A8-6185332C937B}"
EndProject
Global
	GlobalSection(SolutionConfigurationPlatforms) = preSolution
		Debug|Any CPU = Debug|Any CPU
		Release|Any CPU = Release|Any CPU
	EndGlobalSection
	GlobalSection(ProjectConfigurationPlatforms) = postSolution
		{402E2E28-439D-4512-9A3A-4AA7C8337337}.Debug|Any CPU.ActiveCfg = Debug|Any CPU
		{402E2E28-439D-4512-9A3A-4AA7C8337337}.Debug|Any CPU.Build.0 = Debug|Any CPU
		{402E2E28-439D-4512-9A3A-4AA7C8337337}.Release|Any CPU.ActiveCfg = Release|Any CPU
		{402E2E28-439D-4512-9A3A-4AA7C8337337}.Release|Any CPU.Build.0 = Release|Any CPU
		{6589EB80-DC8B-43DA-B7A8-6185332C937B}.Debug|Any CPU.ActiveCfg = Debug
		{6589EB80-DC8B-43DA-B7A8-6185332C937B}.Release|Any CPU.ActiveCfg = Release
	EndGlobalSection
	GlobalSection(SolutionProperties) = preSolution
		HideSolutionNode = FALSE
	EndGlobalSection
	GlobalSection(ExtensibilityGlobals) = postSolution
		SolutionGuid = {29966B57-24C5-4295-99C5-8F1A0D7D768B}
	EndGlobalSection
EndGlobal
